
Microsoft Visual Studio Solution File, Format Version 12.00
# Visual Studio Version 17
VisualStudioVersion = 17.14.36616.10 d17.14
MinimumVisualStudioVersion = 10.0.40219.1
Project("{FAE04EC0-301F-11D3-BF4B-00C04F79EFBC}") = "CineStream", "CineStream.csproj", "{AF3DAF6E-9CDE-4CD2-AA0D-DFD38D14C417}"
EndProject
Global
	GlobalSection(SolutionConfigurationPlatforms) = preSolution
		Debug|Any CPU = Debug|Any CPU
		Release|Any CPU = Release|Any CPU
	EndGlobalSection
	GlobalSection(ProjectConfigurationPlatforms) = postSolution
		{AF3DAF6E-9CDE-4CD2-AA0D-DFD38D14C417}.Debug|Any CPU.ActiveCfg = Debug|Any CPU
		{AF3DAF6E-9CDE-4CD2-AA0D-DFD38D14C417}.Debug|Any CPU.Build.0 = Debug|Any CPU
		{AF3DAF6E-9CDE-4CD2-AA0D-DFD38D14C417}.Release|Any CPU.ActiveCfg = Release|Any CPU
		{AF3DAF6E-9CDE-4CD2-AA0D-DFD38D14C417}.Release|Any CPU.Build.0 = Release|Any CPU
	EndGlobalSection
	GlobalSection(SolutionProperties) = preSolution
		HideSolutionNode = FALSE
	EndGlobalSection
	GlobalSection(ExtensibilityGlobals) = postSolution
		SolutionGuid = {E37546F3-0211-4178-845C-C58005E1FA1B}
	EndGlobalSection
EndGlobal
